
Microsoft Visual Studio Solution File, Format Version 12.00
# Visual Studio Version 17
VisualStudioVersion = 17.0.31903.59
MinimumVisualStudioVersion = 10.0.40219.1
Project("{2150E333-8FDC-42A3-9474-1A3956D46DE8}") = "Shared", "Shared", "{A4616287-FAF6-4A40-89D8-F3F462BFB699}"
EndProject
Project("{2150E333-8FDC-42A3-9474-1A3956D46DE8}") = "Solutions", "Solutions", "{5445035E-698A-48BC-A718-E636341BDF53}"
EndProject
Project("{2150E333-8FDC-42A3-9474-1A3956D46DE8}") = "Keywords", "Keywords", "{979FF5F3-DD7C-4C96-ADB3-C5A1826322D0}"
EndProject
Project("{2150E333-8FDC-42A3-9474-1A3956D46DE8}") = "src", "src", "{A6067F16-4E92-4C7E-8803-4385FE74B3CA}"
EndProject
Project("{2150E333-8FDC-42A3-9474-1A3956D46DE8}") = "Core", "Core", "{2AAFFC91-AC03-462D-A3FE-9EAB485B51E3}"
EndProject
Project("{2150E333-8FDC-42A3-9474-1A3956D46DE8}") = "Data", "Data", "{CFE20AD7-5FA8-4355-85CC-EF63C7596127}"
EndProject
Project("{2150E333-8FDC-42A3-9474-1A3956D46DE8}") = "Endpoint", "Endpoint", "{9A4E8527-26AA-42FD-90A9-34210A644F58}"
EndProject
Project("{2150E333-8FDC-42A3-9474-1A3956D46DE8}") = "Internal", "Internal", "{DC43B1FE-4251-4BAB-AEBF-69A6C97AC7EB}"
EndProject
Project("{2150E333-8FDC-42A3-9474-1A3956D46DE8}") = "External", "External", "{45FB81C6-47B9-423E-81B1-33BD594EF3FD}"
EndProject
Project("{9A19103F-16F7-4668-BE54-9A1E7A4F7556}") = "KeywordsManagement.Core.Domain", "Solutions\Keywords\src\Core\KeywordsManagement.Core.Domain\KeywordsManagement.Core.Domain.csproj", "{6746409C-585D-4A2B-AAB1-EB9818D77746}"
EndProject
Project("{9A19103F-16F7-4668-BE54-9A1E7A4F7556}") = "KeywordsManagement.Core.Contract", "Solutions\Keywords\src\Core\KeywordsManagement.Core.Contract\KeywordsManagement.Core.Contract.csproj", "{E0EF1781-7CB4-4AB3-9C9C-00E21E90AF6A}"
EndProject
Project("{9A19103F-16F7-4668-BE54-9A1E7A4F7556}") = "KeywordsManagement.Core.AppService", "Solutions\Keywords\src\Core\KeywordsManagement.Core.AppService\KeywordsManagement.Core.AppService.csproj", "{EAD6223E-D243-4435-98FD-81FB15CDE50E}"
EndProject
Project("{9A19103F-16F7-4668-BE54-9A1E7A4F7556}") = "KeywordsManagement.Data.Sql.Command", "Solutions\Keywords\src\Data\Internal\KeywordsManagement.Data.Sql.Command\KeywordsManagement.Data.Sql.Command.csproj", "{A6F74B7D-53E5-4C5D-8E47-6C2099406EFE}"
EndProject
Project("{9A19103F-16F7-4668-BE54-9A1E7A4F7556}") = "KeywordsManagement.Data.Sql.Query", "Solutions\Keywords\src\Data\Internal\KeywordsManagement.Data.Sql.Query\KeywordsManagement.Data.Sql.Query.csproj", "{AE56A656-35F1-4EE0-91AB-C91BA42C35E5}"
EndProject
Project("{9A19103F-16F7-4668-BE54-9A1E7A4F7556}") = "KeywordsManagement.Endpoint.API", "Solutions\Keywords\src\Endpoint\KeywordsManagement.Endpoint.API\KeywordsManagement.Endpoint.API.csproj", "{34A097E5-5537-4D8C-89E7-7D7357C3ADD7}"
EndProject
Project("{2150E333-8FDC-42A3-9474-1A3956D46DE8}") = "News", "News", "{F03B4552-E9FE-4A33-ABE8-F7E6C568A6C1}"
EndProject
Project("{2150E333-8FDC-42A3-9474-1A3956D46DE8}") = "src", "src", "{C437E022-CD24-44A8-A42C-2C2D192F7CEF}"
EndProject
Project("{2150E333-8FDC-42A3-9474-1A3956D46DE8}") = "Core", "Core", "{944E7E37-CB73-4FCB-8864-84C9E819B9C5}"
EndProject
Project("{2150E333-8FDC-42A3-9474-1A3956D46DE8}") = "Data", "Data", "{0FF28FE5-C742-4145-BE9E-7D2D1ED1FCF6}"
EndProject
Project("{2150E333-8FDC-42A3-9474-1A3956D46DE8}") = "Endpoint", "Endpoint", "{713B31D7-A160-4B41-88D3-7DE47C12ADA8}"
EndProject
Project("{9A19103F-16F7-4668-BE54-9A1E7A4F7556}") = "NewsManagement.Core.Domain", "Solutions\News\src\Core\NewsManagement.Core.Domain\NewsManagement.Core.Domain.csproj", "{7CF76148-E665-49C2-960A-C295E78D6F7D}"
EndProject
Project("{9A19103F-16F7-4668-BE54-9A1E7A4F7556}") = "NewsManagement.Core.Contract", "Solutions\News\src\Core\NewsManagement.Core.Contract\NewsManagement.Core.Contract.csproj", "{AB1FA244-783B-4D80-B739-BB490392B835}"
EndProject
Project("{9A19103F-16F7-4668-BE54-9A1E7A4F7556}") = "NewsManagement.Core.AppService", "Solutions\News\src\Core\NewsManagement.Core.AppService\NewsManagement.Core.AppService.csproj", "{3F3A4018-0FF6-4CCF-8635-E5E35DF96546}"
EndProject
Project("{2150E333-8FDC-42A3-9474-1A3956D46DE8}") = "External", "External", "{22C60D6E-4E5B-456C-B49F-A65CA81764D2}"
EndProject
Project("{2150E333-8FDC-42A3-9474-1A3956D46DE8}") = "Internal", "Internal", "{F153404B-C788-44EA-A5AE-DF2C2405B62C}"
EndProject
Project("{9A19103F-16F7-4668-BE54-9A1E7A4F7556}") = "NewsManagement.Data.Sql.Command", "Solutions\News\src\Data\Internal\NewsManagement.Data.Sql.Command\NewsManagement.Data.Sql.Command.csproj", "{5A571061-293E-41F6-B181-85BDCB6C265A}"
EndProject
Project("{9A19103F-16F7-4668-BE54-9A1E7A4F7556}") = "NewsManagement.Data.Sql.Query", "Solutions\News\src\Data\Internal\NewsManagement.Data.Sql.Query\NewsManagement.Data.Sql.Query.csproj", "{F727B2AE-1798-43C0-B90E-4E2B277A7D57}"
EndProject
Project("{9A19103F-16F7-4668-BE54-9A1E7A4F7556}") = "NewsManagement.Endpoint.API", "Solutions\News\src\Endpoint\NewsManagement.Endpoint.API\NewsManagement.Endpoint.API.csproj", "{900A20BD-6A76-4F11-A0B9-9316836FA52A}"
EndProject
Project("{2150E333-8FDC-42A3-9474-1A3956D46DE8}") = "Gateway", "Gateway", "{E84F64E9-C761-40F8-BA4F-B8D2CCC192A8}"
EndProject
Project("{2150E333-8FDC-42A3-9474-1A3956D46DE8}") = "src", "src", "{4B2B2D4A-A586-4AAF-9B45-FB7786F143F9}"
EndProject
Project("{9A19103F-16F7-4668-BE54-9A1E7A4F7556}") = "KeywordsManagement.Data.External", "Solutions\Keywords\src\Data\External\KeywordsManagement.Data.External\KeywordsManagement.Data.External.csproj", "{F1EAB2DF-1051-4C94-A104-E5867CA29843}"
EndProject
Project("{9A19103F-16F7-4668-BE54-9A1E7A4F7556}") = "NewsManagement.Data.External", "Solutions\News\src\Data\External\NewsManagement.Data.External\NewsManagement.Data.External.csproj", "{706B4292-7DA3-4919-ACAC-02AFA9F75A1D}"
EndProject
Project("{2150E333-8FDC-42A3-9474-1A3956D46DE8}") = "Client", "Client", "{BCBF8A82-EC83-4F11-BD46-19B71637D7D0}"
EndProject
Project("{2150E333-8FDC-42A3-9474-1A3956D46DE8}") = "test", "test", "{E31A59A5-E27E-455D-9B8B-10035939EC79}"
EndProject
Project("{2150E333-8FDC-42A3-9474-1A3956D46DE8}") = "Unit", "Unit", "{D6529306-8008-4A9E-BE38-131AAB37D9D2}"
EndProject
Project("{2150E333-8FDC-42A3-9474-1A3956D46DE8}") = "Integration", "Integration", "{5A1BD7FB-8B88-45CA-8C38-03E39F476F95}"
EndProject
Project("{9A19103F-16F7-4668-BE54-9A1E7A4F7556}") = "NewsManagement.IntergrationTests", "Solutions\News\test\Integration\NewsManagement.IntergrationTests\NewsManagement.IntergrationTests.csproj", "{B5700A15-6D6F-4176-BB31-AF20F0B4F28C}"
EndProject
Project("{9A19103F-16F7-4668-BE54-9A1E7A4F7556}") = "NewsManagement.UnitTests", "Solutions\News\test\Unit\NewsManagement.UnitTests\NewsManagement.UnitTests.csproj", "{F099CC34-9039-4F9F-8791-9E71B37DEF6B}"
EndProject
Project("{2150E333-8FDC-42A3-9474-1A3956D46DE8}") = "src", "src", "{47DA1C83-F24E-4232-8749-245358C4DBAC}"
EndProject
Project("{2150E333-8FDC-42A3-9474-1A3956D46DE8}") = "test", "test", "{0E50C2E0-C9DF-485B-A4E6-5666499AE8E6}"
EndProject
Project("{9A19103F-16F7-4668-BE54-9A1E7A4F7556}") = "Cloudio.NetCore.App.Tests", "Shared\test\Cloudio.NetCore.App.Tests\Cloudio.NetCore.App.Tests.csproj", "{CFDD655C-590A-4BC3-ADDF-E1DA38AEAB17}"
EndProject
Project("{9A19103F-16F7-4668-BE54-9A1E7A4F7556}") = "Cloudio.NetCore.App", "Shared\src\Cloudio.NetCore.App\Cloudio.NetCore.App.csproj", "{9273EF94-2FF7-4D11-B9EF-0DBB1D5EE8A4}"
EndProject
Project("{2150E333-8FDC-42A3-9474-1A3956D46DE8}") = "src", "src", "{47C99C45-00B1-44D7-B776-9DBDC077DC26}"
EndProject
Project("{9A19103F-16F7-4668-BE54-9A1E7A4F7556}") = "Cloudio.Client", "Solutions\Client\src\Cloudio.Client\Cloudio.Client.csproj", "{B2C8EB40-FB8F-4055-9001-62199DA16A16}"
EndProject
Project("{9A19103F-16F7-4668-BE54-9A1E7A4F7556}") = "Cloudio.Gateway", "Solutions\Gateway\src\Cloudio.Gateway\Cloudio.Gateway.csproj", "{C1449573-26C6-468C-8F9C-AF65C0A8EC55}"
EndProject
Project("{2150E333-8FDC-42A3-9474-1A3956D46DE8}") = "Functional", "Functional", "{BF3F7BDE-0548-49A6-A18D-886FCD406E49}"
EndProject
Project("{9A19103F-16F7-4668-BE54-9A1E7A4F7556}") = "NewsManagement.FunctionalTests", "Solutions\News\test\Functional\NewsManagement.FunctionalTests\NewsManagement.FunctionalTests.csproj", "{5690B4CB-E77E-4EBD-85CF-77FFD75D96FE}"
EndProject
Project("{2150E333-8FDC-42A3-9474-1A3956D46DE8}") = "test", "test", "{30D27865-7B7F-4C2D-AFE8-6BDF8AD4C6F6}"
EndProject
Project("{2150E333-8FDC-42A3-9474-1A3956D46DE8}") = "Unit", "Unit", "{CD776A83-0AFD-4109-990D-0E13C09F7024}"
EndProject
Project("{9A19103F-16F7-4668-BE54-9A1E7A4F7556}") = "KeywordsManagement.UnitTests", "Solutions\Keywords\test\KeywordsManagement.UnitTests\KeywordsManagement.UnitTests.csproj", "{8D18D35D-335A-45CB-906C-819A094A9CF6}"
EndProject
Global
	GlobalSection(SolutionConfigurationPlatforms) = preSolution
		Debug|Any CPU = Debug|Any CPU
		Release|Any CPU = Release|Any CPU
	EndGlobalSection
	GlobalSection(ProjectConfigurationPlatforms) = postSolution
		{6746409C-585D-4A2B-AAB1-EB9818D77746}.Debug|Any CPU.ActiveCfg = Debug|Any CPU
		{6746409C-585D-4A2B-AAB1-EB9818D77746}.Debug|Any CPU.Build.0 = Debug|Any CPU
		{6746409C-585D-4A2B-AAB1-EB9818D77746}.Release|Any CPU.ActiveCfg = Release|Any CPU
		{6746409C-585D-4A2B-AAB1-EB9818D77746}.Release|Any CPU.Build.0 = Release|Any CPU
		{E0EF1781-7CB4-4AB3-9C9C-00E21E90AF6A}.Debug|Any CPU.ActiveCfg = Debug|Any CPU
		{E0EF1781-7CB4-4AB3-9C9C-00E21E90AF6A}.Debug|Any CPU.Build.0 = Debug|Any CPU
		{E0EF1781-7CB4-4AB3-9C9C-00E21E90AF6A}.Release|Any CPU.ActiveCfg = Release|Any CPU
		{E0EF1781-7CB4-4AB3-9C9C-00E21E90AF6A}.Release|Any CPU.Build.0 = Release|Any CPU
		{EAD6223E-D243-4435-98FD-81FB15CDE50E}.Debug|Any CPU.ActiveCfg = Debug|Any CPU
		{EAD6223E-D243-4435-98FD-81FB15CDE50E}.Debug|Any CPU.Build.0 = Debug|Any CPU
		{EAD6223E-D243-4435-98FD-81FB15CDE50E}.Release|Any CPU.ActiveCfg = Release|Any CPU
		{EAD6223E-D243-4435-98FD-81FB15CDE50E}.Release|Any CPU.Build.0 = Release|Any CPU
		{A6F74B7D-53E5-4C5D-8E47-6C2099406EFE}.Debug|Any CPU.ActiveCfg = Debug|Any CPU
		{A6F74B7D-53E5-4C5D-8E47-6C2099406EFE}.Debug|Any CPU.Build.0 = Debug|Any CPU
		{A6F74B7D-53E5-4C5D-8E47-6C2099406EFE}.Release|Any CPU.ActiveCfg = Release|Any CPU
		{A6F74B7D-53E5-4C5D-8E47-6C2099406EFE}.Release|Any CPU.Build.0 = Release|Any CPU
		{AE56A656-35F1-4EE0-91AB-C91BA42C35E5}.Debug|Any CPU.ActiveCfg = Debug|Any CPU
		{AE56A656-35F1-4EE0-91AB-C91BA42C35E5}.Debug|Any CPU.Build.0 = Debug|Any CPU
		{AE56A656-35F1-4EE0-91AB-C91BA42C35E5}.Release|Any CPU.ActiveCfg = Release|Any CPU
		{AE56A656-35F1-4EE0-91AB-C91BA42C35E5}.Release|Any CPU.Build.0 = Release|Any CPU
		{34A097E5-5537-4D8C-89E7-7D7357C3ADD7}.Debug|Any CPU.ActiveCfg = Debug|Any CPU
		{34A097E5-5537-4D8C-89E7-7D7357C3ADD7}.Debug|Any CPU.Build.0 = Debug|Any CPU
		{34A097E5-5537-4D8C-89E7-7D7357C3ADD7}.Release|Any CPU.ActiveCfg = Release|Any CPU
		{34A097E5-5537-4D8C-89E7-7D7357C3ADD7}.Release|Any CPU.Build.0 = Release|Any CPU
		{7CF76148-E665-49C2-960A-C295E78D6F7D}.Debug|Any CPU.ActiveCfg = Debug|Any CPU
		{7CF76148-E665-49C2-960A-C295E78D6F7D}.Debug|Any CPU.Build.0 = Debug|Any CPU
		{7CF76148-E665-49C2-960A-C295E78D6F7D}.Release|Any CPU.ActiveCfg = Release|Any CPU
		{7CF76148-E665-49C2-960A-C295E78D6F7D}.Release|Any CPU.Build.0 = Release|Any CPU
		{AB1FA244-783B-4D80-B739-BB490392B835}.Debug|Any CPU.ActiveCfg = Debug|Any CPU
		{AB1FA244-783B-4D80-B739-BB490392B835}.Debug|Any CPU.Build.0 = Debug|Any CPU
		{AB1FA244-783B-4D80-B739-BB490392B835}.Release|Any CPU.ActiveCfg = Release|Any CPU
		{AB1FA244-783B-4D80-B739-BB490392B835}.Release|Any CPU.Build.0 = Release|Any CPU
		{3F3A4018-0FF6-4CCF-8635-E5E35DF96546}.Debug|Any CPU.ActiveCfg = Debug|Any CPU
		{3F3A4018-0FF6-4CCF-8635-E5E35DF96546}.Debug|Any CPU.Build.0 = Debug|Any CPU
		{3F3A4018-0FF6-4CCF-8635-E5E35DF96546}.Release|Any CPU.ActiveCfg = Release|Any CPU
		{3F3A4018-0FF6-4CCF-8635-E5E35DF96546}.Release|Any CPU.Build.0 = Release|Any CPU
		{5A571061-293E-41F6-B181-85BDCB6C265A}.Debug|Any CPU.ActiveCfg = Debug|Any CPU
		{5A571061-293E-41F6-B181-85BDCB6C265A}.Debug|Any CPU.Build.0 = Debug|Any CPU
		{5A571061-293E-41F6-B181-85BDCB6C265A}.Release|Any CPU.ActiveCfg = Release|Any CPU
		{5A571061-293E-41F6-B181-85BDCB6C265A}.Release|Any CPU.Build.0 = Release|Any CPU
		{F727B2AE-1798-43C0-B90E-4E2B277A7D57}.Debug|Any CPU.ActiveCfg = Debug|Any CPU
		{F727B2AE-1798-43C0-B90E-4E2B277A7D57}.Debug|Any CPU.Build.0 = Debug|Any CPU
		{F727B2AE-1798-43C0-B90E-4E2B277A7D57}.Release|Any CPU.ActiveCfg = Release|Any CPU
		{F727B2AE-1798-43C0-B90E-4E2B277A7D57}.Release|Any CPU.Build.0 = Release|Any CPU
		{900A20BD-6A76-4F11-A0B9-9316836FA52A}.Debug|Any CPU.ActiveCfg = Debug|Any CPU
		{900A20BD-6A76-4F11-A0B9-9316836FA52A}.Debug|Any CPU.Build.0 = Debug|Any CPU
		{900A20BD-6A76-4F11-A0B9-9316836FA52A}.Release|Any CPU.ActiveCfg = Release|Any CPU
		{900A20BD-6A76-4F11-A0B9-9316836FA52A}.Release|Any CPU.Build.0 = Release|Any CPU
		{F1EAB2DF-1051-4C94-A104-E5867CA29843}.Debug|Any CPU.ActiveCfg = Debug|Any CPU
		{F1EAB2DF-1051-4C94-A104-E5867CA29843}.Debug|Any CPU.Build.0 = Debug|Any CPU
		{F1EAB2DF-1051-4C94-A104-E5867CA29843}.Release|Any CPU.ActiveCfg = Release|Any CPU
		{F1EAB2DF-1051-4C94-A104-E5867CA29843}.Release|Any CPU.Build.0 = Release|Any CPU
		{706B4292-7DA3-4919-ACAC-02AFA9F75A1D}.Debug|Any CPU.ActiveCfg = Debug|Any CPU
		{706B4292-7DA3-4919-ACAC-02AFA9F75A1D}.Debug|Any CPU.Build.0 = Debug|Any CPU
		{706B4292-7DA3-4919-ACAC-02AFA9F75A1D}.Release|Any CPU.ActiveCfg = Release|Any CPU
		{706B4292-7DA3-4919-ACAC-02AFA9F75A1D}.Release|Any CPU.Build.0 = Release|Any CPU
		{B5700A15-6D6F-4176-BB31-AF20F0B4F28C}.Debug|Any CPU.ActiveCfg = Debug|Any CPU
		{B5700A15-6D6F-4176-BB31-AF20F0B4F28C}.Debug|Any CPU.Build.0 = Debug|Any CPU
		{B5700A15-6D6F-4176-BB31-AF20F0B4F28C}.Release|Any CPU.ActiveCfg = Release|Any CPU
		{B5700A15-6D6F-4176-BB31-AF20F0B4F28C}.Release|Any CPU.Build.0 = Release|Any CPU
		{F099CC34-9039-4F9F-8791-9E71B37DEF6B}.Debug|Any CPU.ActiveCfg = Debug|Any CPU
		{F099CC34-9039-4F9F-8791-9E71B37DEF6B}.Debug|Any CPU.Build.0 = Debug|Any CPU
		{F099CC34-9039-4F9F-8791-9E71B37DEF6B}.Release|Any CPU.ActiveCfg = Release|Any CPU
		{F099CC34-9039-4F9F-8791-9E71B37DEF6B}.Release|Any CPU.Build.0 = Release|Any CPU
		{CFDD655C-590A-4BC3-ADDF-E1DA38AEAB17}.Debug|Any CPU.ActiveCfg = Debug|Any CPU
		{CFDD655C-590A-4BC3-ADDF-E1DA38AEAB17}.Debug|Any CPU.Build.0 = Debug|Any CPU
		{CFDD655C-590A-4BC3-ADDF-E1DA38AEAB17}.Release|Any CPU.ActiveCfg = Release|Any CPU
		{CFDD655C-590A-4BC3-ADDF-E1DA38AEAB17}.Release|Any CPU.Build.0 = Release|Any CPU
		{9273EF94-2FF7-4D11-B9EF-0DBB1D5EE8A4}.Debug|Any CPU.ActiveCfg = Debug|Any CPU
		{9273EF94-2FF7-4D11-B9EF-0DBB1D5EE8A4}.Debug|Any CPU.Build.0 = Debug|Any CPU
		{9273EF94-2FF7-4D11-B9EF-0DBB1D5EE8A4}.Release|Any CPU.ActiveCfg = Release|Any CPU
		{9273EF94-2FF7-4D11-B9EF-0DBB1D5EE8A4}.Release|Any CPU.Build.0 = Release|Any CPU
		{B2C8EB40-FB8F-4055-9001-62199DA16A16}.Debug|Any CPU.ActiveCfg = Debug|Any CPU
		{B2C8EB40-FB8F-4055-9001-62199DA16A16}.Debug|Any CPU.Build.0 = Debug|Any CPU
		{B2C8EB40-FB8F-4055-9001-62199DA16A16}.Release|Any CPU.ActiveCfg = Release|Any CPU
		{B2C8EB40-FB8F-4055-9001-62199DA16A16}.Release|Any CPU.Build.0 = Release|Any CPU
		{C1449573-26C6-468C-8F9C-AF65C0A8EC55}.Debug|Any CPU.ActiveCfg = Debug|Any CPU
		{C1449573-26C6-468C-8F9C-AF65C0A8EC55}.Debug|Any CPU.Build.0 = Debug|Any CPU
		{C1449573-26C6-468C-8F9C-AF65C0A8EC55}.Release|Any CPU.ActiveCfg = Release|Any CPU
		{C1449573-26C6-468C-8F9C-AF65C0A8EC55}.Release|Any CPU.Build.0 = Release|Any CPU
		{5690B4CB-E77E-4EBD-85CF-77FFD75D96FE}.Debug|Any CPU.ActiveCfg = Debug|Any CPU
		{5690B4CB-E77E-4EBD-85CF-77FFD75D96FE}.Debug|Any CPU.Build.0 = Debug|Any CPU
		{5690B4CB-E77E-4EBD-85CF-77FFD75D96FE}.Release|Any CPU.ActiveCfg = Release|Any CPU
		{5690B4CB-E77E-4EBD-85CF-77FFD75D96FE}.Release|Any CPU.Build.0 = Release|Any CPU
		{8D18D35D-335A-45CB-906C-819A094A9CF6}.Debug|Any CPU.ActiveCfg = Debug|Any CPU
		{8D18D35D-335A-45CB-906C-819A094A9CF6}.Debug|Any CPU.Build.0 = Debug|Any CPU
		{8D18D35D-335A-45CB-906C-819A094A9CF6}.Release|Any CPU.ActiveCfg = Release|Any CPU
		{8D18D35D-335A-45CB-906C-819A094A9CF6}.Release|Any CPU.Build.0 = Release|Any CPU
	EndGlobalSection
	GlobalSection(SolutionProperties) = preSolution
		HideSolutionNode = FALSE
	EndGlobalSection
	GlobalSection(NestedProjects) = preSolution
		{979FF5F3-DD7C-4C96-ADB3-C5A1826322D0} = {5445035E-698A-48BC-A718-E636341BDF53}
		{A6067F16-4E92-4C7E-8803-4385FE74B3CA} = {979FF5F3-DD7C-4C96-ADB3-C5A1826322D0}
		{2AAFFC91-AC03-462D-A3FE-9EAB485B51E3} = {A6067F16-4E92-4C7E-8803-4385FE74B3CA}
		{CFE20AD7-5FA8-4355-85CC-EF63C7596127} = {A6067F16-4E92-4C7E-8803-4385FE74B3CA}
		{9A4E8527-26AA-42FD-90A9-34210A644F58} = {A6067F16-4E92-4C7E-8803-4385FE74B3CA}
		{DC43B1FE-4251-4BAB-AEBF-69A6C97AC7EB} = {CFE20AD7-5FA8-4355-85CC-EF63C7596127}
		{45FB81C6-47B9-423E-81B1-33BD594EF3FD} = {CFE20AD7-5FA8-4355-85CC-EF63C7596127}
		{6746409C-585D-4A2B-AAB1-EB9818D77746} = {2AAFFC91-AC03-462D-A3FE-9EAB485B51E3}
		{E0EF1781-7CB4-4AB3-9C9C-00E21E90AF6A} = {2AAFFC91-AC03-462D-A3FE-9EAB485B51E3}
		{EAD6223E-D243-4435-98FD-81FB15CDE50E} = {2AAFFC91-AC03-462D-A3FE-9EAB485B51E3}
		{A6F74B7D-53E5-4C5D-8E47-6C2099406EFE} = {DC43B1FE-4251-4BAB-AEBF-69A6C97AC7EB}
		{AE56A656-35F1-4EE0-91AB-C91BA42C35E5} = {DC43B1FE-4251-4BAB-AEBF-69A6C97AC7EB}
		{34A097E5-5537-4D8C-89E7-7D7357C3ADD7} = {9A4E8527-26AA-42FD-90A9-34210A644F58}
		{F03B4552-E9FE-4A33-ABE8-F7E6C568A6C1} = {5445035E-698A-48BC-A718-E636341BDF53}
		{C437E022-CD24-44A8-A42C-2C2D192F7CEF} = {F03B4552-E9FE-4A33-ABE8-F7E6C568A6C1}
		{944E7E37-CB73-4FCB-8864-84C9E819B9C5} = {C437E022-CD24-44A8-A42C-2C2D192F7CEF}
		{0FF28FE5-C742-4145-BE9E-7D2D1ED1FCF6} = {C437E022-CD24-44A8-A42C-2C2D192F7CEF}
		{713B31D7-A160-4B41-88D3-7DE47C12ADA8} = {C437E022-CD24-44A8-A42C-2C2D192F7CEF}
		{7CF76148-E665-49C2-960A-C295E78D6F7D} = {944E7E37-CB73-4FCB-8864-84C9E819B9C5}
		{AB1FA244-783B-4D80-B739-BB490392B835} = {944E7E37-CB73-4FCB-8864-84C9E819B9C5}
		{3F3A4018-0FF6-4CCF-8635-E5E35DF96546} = {944E7E37-CB73-4FCB-8864-84C9E819B9C5}
		{22C60D6E-4E5B-456C-B49F-A65CA81764D2} = {0FF28FE5-C742-4145-BE9E-7D2D1ED1FCF6}
		{F153404B-C788-44EA-A5AE-DF2C2405B62C} = {0FF28FE5-C742-4145-BE9E-7D2D1ED1FCF6}
		{5A571061-293E-41F6-B181-85BDCB6C265A} = {F153404B-C788-44EA-A5AE-DF2C2405B62C}
		{F727B2AE-1798-43C0-B90E-4E2B277A7D57} = {F153404B-C788-44EA-A5AE-DF2C2405B62C}
		{900A20BD-6A76-4F11-A0B9-9316836FA52A} = {713B31D7-A160-4B41-88D3-7DE47C12ADA8}
		{E84F64E9-C761-40F8-BA4F-B8D2CCC192A8} = {5445035E-698A-48BC-A718-E636341BDF53}
		{4B2B2D4A-A586-4AAF-9B45-FB7786F143F9} = {E84F64E9-C761-40F8-BA4F-B8D2CCC192A8}
		{F1EAB2DF-1051-4C94-A104-E5867CA29843} = {45FB81C6-47B9-423E-81B1-33BD594EF3FD}
		{706B4292-7DA3-4919-ACAC-02AFA9F75A1D} = {22C60D6E-4E5B-456C-B49F-A65CA81764D2}
		{BCBF8A82-EC83-4F11-BD46-19B71637D7D0} = {5445035E-698A-48BC-A718-E636341BDF53}
		{E31A59A5-E27E-455D-9B8B-10035939EC79} = {F03B4552-E9FE-4A33-ABE8-F7E6C568A6C1}
		{D6529306-8008-4A9E-BE38-131AAB37D9D2} = {E31A59A5-E27E-455D-9B8B-10035939EC79}
		{5A1BD7FB-8B88-45CA-8C38-03E39F476F95} = {E31A59A5-E27E-455D-9B8B-10035939EC79}
		{B5700A15-6D6F-4176-BB31-AF20F0B4F28C} = {5A1BD7FB-8B88-45CA-8C38-03E39F476F95}
		{F099CC34-9039-4F9F-8791-9E71B37DEF6B} = {D6529306-8008-4A9E-BE38-131AAB37D9D2}
		{47DA1C83-F24E-4232-8749-245358C4DBAC} = {A4616287-FAF6-4A40-89D8-F3F462BFB699}
		{0E50C2E0-C9DF-485B-A4E6-5666499AE8E6} = {A4616287-FAF6-4A40-89D8-F3F462BFB699}
		{CFDD655C-590A-4BC3-ADDF-E1DA38AEAB17} = {0E50C2E0-C9DF-485B-A4E6-5666499AE8E6}
		{9273EF94-2FF7-4D11-B9EF-0DBB1D5EE8A4} = {47DA1C83-F24E-4232-8749-245358C4DBAC}
		{47C99C45-00B1-44D7-B776-9DBDC077DC26} = {BCBF8A82-EC83-4F11-BD46-19B71637D7D0}
		{B2C8EB40-FB8F-4055-9001-62199DA16A16} = {47C99C45-00B1-44D7-B776-9DBDC077DC26}
		{C1449573-26C6-468C-8F9C-AF65C0A8EC55} = {4B2B2D4A-A586-4AAF-9B45-FB7786F143F9}
		{BF3F7BDE-0548-49A6-A18D-886FCD406E49} = {E31A59A5-E27E-455D-9B8B-10035939EC79}
		{5690B4CB-E77E-4EBD-85CF-77FFD75D96FE} = {BF3F7BDE-0548-49A6-A18D-886FCD406E49}
		{30D27865-7B7F-4C2D-AFE8-6BDF8AD4C6F6} = {979FF5F3-DD7C-4C96-ADB3-C5A1826322D0}
		{CD776A83-0AFD-4109-990D-0E13C09F7024} = {30D27865-7B7F-4C2D-AFE8-6BDF8AD4C6F6}
		{8D18D35D-335A-45CB-906C-819A094A9CF6} = {CD776A83-0AFD-4109-990D-0E13C09F7024}
	EndGlobalSection
	GlobalSection(ExtensibilityGlobals) = postSolution
		SolutionGuid = {765B41DE-A134-486F-88EE-A50B02E39A70}
	EndGlobalSection
EndGlobal
