
Microsoft Visual Studio Solution File, Format Version 12.00
# Visual Studio Version 17
VisualStudioVersion = 17.0.31903.59
MinimumVisualStudioVersion = 10.0.40219.1
Project("{2150E333-8FDC-42A3-9474-1A3956D46DE8}") = "Shared", "Shared", "{A4616287-FAF6-4A40-89D8-F3F462BFB699}"
EndProject
Project("{2150E333-8FDC-42A3-9474-1A3956D46DE8}") = "Solutions", "Solutions", "{5445035E-698A-48BC-A718-E636341BDF53}"
EndProject
Project("{9A19103F-16F7-4668-BE54-9A1E7A4F7556}") = "Cloud.AspNetCore.App", "Shared\Cloud.AspNetCore.App\Cloud.AspNetCore.App.csproj", "{9C62F1A0-3416-4F7E-A135-6ED86979B24A}"
EndProject
Project("{2150E333-8FDC-42A3-9474-1A3956D46DE8}") = "Keywords", "Keywords", "{979FF5F3-DD7C-4C96-ADB3-C5A1826322D0}"
EndProject
Project("{2150E333-8FDC-42A3-9474-1A3956D46DE8}") = "src", "src", "{A6067F16-4E92-4C7E-8803-4385FE74B3CA}"
EndProject
Project("{2150E333-8FDC-42A3-9474-1A3956D46DE8}") = "test", "test", "{1F87C67A-FB4D-471B-BC29-5EDF04AF3967}"
EndProject
Project("{2150E333-8FDC-42A3-9474-1A3956D46DE8}") = "Core", "Core", "{2AAFFC91-AC03-462D-A3FE-9EAB485B51E3}"
EndProject
Project("{2150E333-8FDC-42A3-9474-1A3956D46DE8}") = "Data", "Data", "{CFE20AD7-5FA8-4355-85CC-EF63C7596127}"
EndProject
Project("{2150E333-8FDC-42A3-9474-1A3956D46DE8}") = "Endpoint", "Endpoint", "{9A4E8527-26AA-42FD-90A9-34210A644F58}"
EndProject
Project("{2150E333-8FDC-42A3-9474-1A3956D46DE8}") = "Internal", "Internal", "{DC43B1FE-4251-4BAB-AEBF-69A6C97AC7EB}"
EndProject
Project("{2150E333-8FDC-42A3-9474-1A3956D46DE8}") = "External", "External", "{45FB81C6-47B9-423E-81B1-33BD594EF3FD}"
EndProject
Project("{9A19103F-16F7-4668-BE54-9A1E7A4F7556}") = "KeywordsManagement.Core.Domain", "Solutions\Keywords\Core\KeywordsManagement.Core.Domain\KeywordsManagement.Core.Domain.csproj", "{6746409C-585D-4A2B-AAB1-EB9818D77746}"
EndProject
Project("{FAE04EC0-301F-11D3-BF4B-00C04F79EFBC}") = "KeywordsManagement.Core.Contract", "Solutions\Keywords\Core\KeywordsManagement.Core.Contract\KeywordsManagement.Core.Contract.csproj", "{E0EF1781-7CB4-4AB3-9C9C-00E21E90AF6A}"
EndProject
Project("{FAE04EC0-301F-11D3-BF4B-00C04F79EFBC}") = "KeywordsManagement.Core.AppService", "Solutions\Keywords\Core\KeywordsManagement.Core.AppService\KeywordsManagement.Core.AppService.csproj", "{EAD6223E-D243-4435-98FD-81FB15CDE50E}"
EndProject
Project("{FAE04EC0-301F-11D3-BF4B-00C04F79EFBC}") = "KeywordsManagement.Data.Sql", "Solutions\Keywords\Data\Internal\KeywordsManagement.Data.Sql\KeywordsManagement.Data.Sql.csproj", "{DC5CD886-D99B-4266-9446-DECE6C1DD992}"
EndProject
Project("{FAE04EC0-301F-11D3-BF4B-00C04F79EFBC}") = "KeywordsManagement.Data.Sql.Command", "Solutions\Keywords\Data\Internal\KeywordsManagement.Data.Sql.Command\KeywordsManagement.Data.Sql.Command.csproj", "{A6F74B7D-53E5-4C5D-8E47-6C2099406EFE}"
EndProject
Global
	GlobalSection(SolutionConfigurationPlatforms) = preSolution
		Debug|Any CPU = Debug|Any CPU
		Release|Any CPU = Release|Any CPU
	EndGlobalSection
	GlobalSection(ProjectConfigurationPlatforms) = postSolution
		{9C62F1A0-3416-4F7E-A135-6ED86979B24A}.Debug|Any CPU.ActiveCfg = Debug|Any CPU
		{9C62F1A0-3416-4F7E-A135-6ED86979B24A}.Debug|Any CPU.Build.0 = Debug|Any CPU
		{9C62F1A0-3416-4F7E-A135-6ED86979B24A}.Release|Any CPU.ActiveCfg = Release|Any CPU
		{9C62F1A0-3416-4F7E-A135-6ED86979B24A}.Release|Any CPU.Build.0 = Release|Any CPU
		{6746409C-585D-4A2B-AAB1-EB9818D77746}.Debug|Any CPU.ActiveCfg = Debug|Any CPU
		{6746409C-585D-4A2B-AAB1-EB9818D77746}.Debug|Any CPU.Build.0 = Debug|Any CPU
		{6746409C-585D-4A2B-AAB1-EB9818D77746}.Release|Any CPU.ActiveCfg = Release|Any CPU
		{6746409C-585D-4A2B-AAB1-EB9818D77746}.Release|Any CPU.Build.0 = Release|Any CPU
		{E0EF1781-7CB4-4AB3-9C9C-00E21E90AF6A}.Debug|Any CPU.ActiveCfg = Debug|Any CPU
		{E0EF1781-7CB4-4AB3-9C9C-00E21E90AF6A}.Debug|Any CPU.Build.0 = Debug|Any CPU
		{E0EF1781-7CB4-4AB3-9C9C-00E21E90AF6A}.Release|Any CPU.ActiveCfg = Release|Any CPU
		{E0EF1781-7CB4-4AB3-9C9C-00E21E90AF6A}.Release|Any CPU.Build.0 = Release|Any CPU
		{EAD6223E-D243-4435-98FD-81FB15CDE50E}.Debug|Any CPU.ActiveCfg = Debug|Any CPU
		{EAD6223E-D243-4435-98FD-81FB15CDE50E}.Debug|Any CPU.Build.0 = Debug|Any CPU
		{EAD6223E-D243-4435-98FD-81FB15CDE50E}.Release|Any CPU.ActiveCfg = Release|Any CPU
		{EAD6223E-D243-4435-98FD-81FB15CDE50E}.Release|Any CPU.Build.0 = Release|Any CPU
		{DC5CD886-D99B-4266-9446-DECE6C1DD992}.Debug|Any CPU.ActiveCfg = Debug|Any CPU
		{DC5CD886-D99B-4266-9446-DECE6C1DD992}.Debug|Any CPU.Build.0 = Debug|Any CPU
		{DC5CD886-D99B-4266-9446-DECE6C1DD992}.Release|Any CPU.ActiveCfg = Release|Any CPU
		{DC5CD886-D99B-4266-9446-DECE6C1DD992}.Release|Any CPU.Build.0 = Release|Any CPU
		{A6F74B7D-53E5-4C5D-8E47-6C2099406EFE}.Debug|Any CPU.ActiveCfg = Debug|Any CPU
		{A6F74B7D-53E5-4C5D-8E47-6C2099406EFE}.Debug|Any CPU.Build.0 = Debug|Any CPU
		{A6F74B7D-53E5-4C5D-8E47-6C2099406EFE}.Release|Any CPU.ActiveCfg = Release|Any CPU
		{A6F74B7D-53E5-4C5D-8E47-6C2099406EFE}.Release|Any CPU.Build.0 = Release|Any CPU
	EndGlobalSection
	GlobalSection(SolutionProperties) = preSolution
		HideSolutionNode = FALSE
	EndGlobalSection
	GlobalSection(NestedProjects) = preSolution
		{9C62F1A0-3416-4F7E-A135-6ED86979B24A} = {A4616287-FAF6-4A40-89D8-F3F462BFB699}
		{979FF5F3-DD7C-4C96-ADB3-C5A1826322D0} = {5445035E-698A-48BC-A718-E636341BDF53}
		{A6067F16-4E92-4C7E-8803-4385FE74B3CA} = {979FF5F3-DD7C-4C96-ADB3-C5A1826322D0}
		{1F87C67A-FB4D-471B-BC29-5EDF04AF3967} = {979FF5F3-DD7C-4C96-ADB3-C5A1826322D0}
		{2AAFFC91-AC03-462D-A3FE-9EAB485B51E3} = {A6067F16-4E92-4C7E-8803-4385FE74B3CA}
		{CFE20AD7-5FA8-4355-85CC-EF63C7596127} = {A6067F16-4E92-4C7E-8803-4385FE74B3CA}
		{9A4E8527-26AA-42FD-90A9-34210A644F58} = {A6067F16-4E92-4C7E-8803-4385FE74B3CA}
		{DC43B1FE-4251-4BAB-AEBF-69A6C97AC7EB} = {CFE20AD7-5FA8-4355-85CC-EF63C7596127}
		{45FB81C6-47B9-423E-81B1-33BD594EF3FD} = {CFE20AD7-5FA8-4355-85CC-EF63C7596127}
		{6746409C-585D-4A2B-AAB1-EB9818D77746} = {2AAFFC91-AC03-462D-A3FE-9EAB485B51E3}
		{E0EF1781-7CB4-4AB3-9C9C-00E21E90AF6A} = {2AAFFC91-AC03-462D-A3FE-9EAB485B51E3}
		{EAD6223E-D243-4435-98FD-81FB15CDE50E} = {2AAFFC91-AC03-462D-A3FE-9EAB485B51E3}
		{DC5CD886-D99B-4266-9446-DECE6C1DD992} = {DC43B1FE-4251-4BAB-AEBF-69A6C97AC7EB}
		{A6F74B7D-53E5-4C5D-8E47-6C2099406EFE} = {DC43B1FE-4251-4BAB-AEBF-69A6C97AC7EB}
	EndGlobalSection
	GlobalSection(ExtensibilityGlobals) = postSolution
		SolutionGuid = {765B41DE-A134-486F-88EE-A50B02E39A70}
	EndGlobalSection
EndGlobal
